{
  "projects": [
    {
      "projectId": "iBf2L8UFcY4A4kwPBejSLy",
      "version": "latest",
      "dependencies": {},
      "lang": "ts",
      "fileLocks": [
        {
          "type": "globalVariant",
          "assetId": "YL7WgEetY2QT",
          "checksum": "108cc65544acd6f52c9465c83daa4152"
        },
        {
          "type": "renderModule",
          "assetId": "H6kyB5PM528t",
          "checksum": "4a1bbfa7b2e90285e62b19b5ab63a564"
        },
        {
          "type": "cssRules",
          "assetId": "H6kyB5PM528t",
          "checksum": "4a1bbfa7b2e90285e62b19b5ab63a564"
        },
        {
          "type": "icon",
          "assetId": "Qtsv5U7vbKgB",
          "checksum": "44c11ccb2125a6d784f0d59549a72553"
        },
        {
          "type": "icon",
          "assetId": "qoBvK5PZZYPy",
          "checksum": "08facc0a071a523b91d739c131e8f421"
        },
        {
          "type": "icon",
          "assetId": "6dM7wvuOmR3O",
          "checksum": "f61e96084438436ea462052f7f8ad6c9"
        },
        {
          "type": "icon",
          "assetId": "usQJmt51qgJ9",
          "checksum": "982a7d53ad7a8edd4c27bce1ef33831a"
        },
        {
          "type": "icon",
          "assetId": "lJS0N-Pipkea",
          "checksum": "7c5f947cc3ace92585135e9ec78f56db"
        },
        {
          "type": "icon",
          "assetId": "trc_iGxnQqT6",
          "checksum": "da5fdbb18b105f6a2ed7513e61011897"
        },
        {
          "type": "icon",
          "assetId": "ISaVYJRFnJua",
          "checksum": "0cdfaf340a3a6f0e1244b3091d4058cb"
        },
        {
          "type": "icon",
          "assetId": "e6yADDhsRkR1",
          "checksum": "31b58f8d38aa0f4135b5fc25101d148d"
        },
        {
          "type": "icon",
          "assetId": "Zp_gDsbZQEd_",
          "checksum": "60e603b67bf26c6bb7d12b64a783bb20"
        },
        {
          "type": "icon",
          "assetId": "8E8NCfc9eE7j",
          "checksum": "4e9bb87a0b681cd3a32d33d4e7cfedfc"
        },
        {
          "type": "icon",
          "assetId": "iKWSGh6zEIpp",
          "checksum": "1d2f907cf4ebcae686adb86bbbcf10cf"
        },
        {
          "type": "icon",
          "assetId": "WApLs5bNet-e",
          "checksum": "b73296536339218eb493322b96f7b8bb"
        },
        {
          "type": "icon",
          "assetId": "aZ5LZISUoHqe",
          "checksum": "c398d3e16031dfe164a8be5194675466"
        },
        {
          "type": "icon",
          "assetId": "7uow9fxVx6qz",
          "checksum": "19d71355f66762bfc363858453f0b20f"
        },
        {
          "type": "icon",
          "assetId": "SpLGwX0xc9TT",
          "checksum": "ffa08d2e60f0bee0a47c3334b6798684"
        },
        {
          "type": "icon",
          "assetId": "cZU2euB0EKBb",
          "checksum": "84672014b6d8ba9f1b5ea1273615e7c7"
        },
        {
          "type": "icon",
          "assetId": "XHxH6QOjRlsk",
          "checksum": "cff97a20aa7324daf1b62d4866c1c104"
        },
        {
          "type": "icon",
          "assetId": "HoOgEX6t-LYf",
          "checksum": "34472c0c46081582758124b2b0e974a6"
        },
        {
          "type": "icon",
          "assetId": "dibcQuFy-eqP",
          "checksum": "b036e242803282c2d5a95fbfdb71401b"
        },
        {
          "type": "icon",
          "assetId": "QEgYkV0QggP3",
          "checksum": "fd425270b5b80adf400431bd0c09f063"
        },
        {
          "type": "icon",
          "assetId": "3-TjHlcNZu0l",
          "checksum": "7a69d24e0ca6f4f4479403805eeb41cb"
        },
        {
          "type": "icon",
          "assetId": "1PKqEBDdz_mU",
          "checksum": "f45264f0e57ff9807f80e41fd9e9e117"
        },
        {
          "type": "icon",
          "assetId": "Rp0eizYi8jxL",
          "checksum": "5384f78055de626710780c840f03124c"
        },
        {
          "type": "icon",
          "assetId": "h28gMR9NnTNn",
          "checksum": "187a06895ea17403ad89d32768f4f668"
        },
        {
          "type": "icon",
          "assetId": "zKFQoEyvJHEf",
          "checksum": "e8f9f0ace3568dd5d83df967548e798e"
        },
        {
          "type": "icon",
          "assetId": "d3qJMwjPwFm7",
          "checksum": "eebdf361d4314c01443f67cd4f9bfed2"
        },
        {
          "type": "icon",
          "assetId": "y0s-vHB4j9JG",
          "checksum": "45946e0cb8e1c3aa702d30106ec683d7"
        },
        {
          "type": "icon",
          "assetId": "xbkewKqvOuVb",
          "checksum": "026c2b44d41b6a264046aa241680d4f7"
        },
        {
          "type": "icon",
          "assetId": "3uuLtZsqkxNl",
          "checksum": "8f70d300b7bfbcbf1a5515a01b28cce3"
        },
        {
          "type": "icon",
          "assetId": "37AWhCy1a_bF",
          "checksum": "48c97a51dcd5e7645904702c4a2a073c"
        },
        {
          "type": "icon",
          "assetId": "zDy12iYvNMPL",
          "checksum": "f07abad9fde31286dc83e30c60c30f74"
        },
        {
          "type": "icon",
          "assetId": "9At0xBkGfLcG",
          "checksum": "4f96e0ad8d5c220877b0d508cdc085b8"
        },
        {
          "type": "icon",
          "assetId": "oRAWA1Sjc5A7",
          "checksum": "362976111fe0021e73672107abc7b564"
        },
        {
          "type": "icon",
          "assetId": "0btBCtebbxsT",
          "checksum": "a3a928fb2668c15ffc0edbbdc9330043"
        },
        {
          "type": "icon",
          "assetId": "FcE6coHSOPfG",
          "checksum": "1bbcd5b802541aca1667891d86865bfb"
        },
        {
          "type": "icon",
          "assetId": "Pcbj-hln4X1W",
          "checksum": "9a7f4b6b639cb3bb27582d0705e7d7d8"
        },
        {
          "type": "icon",
          "assetId": "3CIi1g509ap-",
          "checksum": "5d58ee992dca7fb9e627e0b490948f26"
        },
        {
          "type": "icon",
          "assetId": "ye5vvzA138RU",
          "checksum": "0af431f0a4d06350b8284729b8f5f62a"
        },
        {
          "type": "icon",
          "assetId": "9z3SqAiMS4g2",
          "checksum": "18d622f43ad7f37cab12e776a8230c73"
        },
        {
          "type": "icon",
          "assetId": "Aabqe-_bFRu8",
          "checksum": "d5746ff1e3e66462a0d98bef2741e676"
        },
        {
          "type": "icon",
          "assetId": "2SAJLGICfYvt",
          "checksum": "489e09d839b79956b4f80b66bb370376"
        },
        {
          "type": "icon",
          "assetId": "LXIZKqCNgRSO",
          "checksum": "c4f61c2ddea7d38796918d6194310565"
        },
        {
          "type": "icon",
          "assetId": "u3fSd-KkU8W-",
          "checksum": "1fe23acbbe82e7015d69aa587a7ac57b"
        },
        {
          "type": "icon",
          "assetId": "sRpsvB0kRMn-",
          "checksum": "54111ff2f8cd32ae2ad91614c72bc79a"
        },
        {
          "type": "icon",
          "assetId": "3hl-v6J-cYXC",
          "checksum": "70c2c2510e26690a89222027de59664b"
        },
        {
          "type": "icon",
          "assetId": "Hqo-qfqCRQD1",
          "checksum": "b1e12e9b94d1b4279a5e9350cace0ca3"
        },
        {
          "type": "icon",
          "assetId": "5XHd54ccFegV",
          "checksum": "941fd83759504e6b293ee4327a00d666"
        },
        {
          "type": "icon",
          "assetId": "Z7xZMmeLX222",
          "checksum": "cdc9adfc583f28cdccba0fd4ad8ef710"
        },
        {
          "type": "icon",
          "assetId": "3HyKnBcwojUW",
          "checksum": "86db0e7bbb26199741886812f392bfa9"
        },
        {
          "type": "icon",
          "assetId": "FAsNTaIQPF8S",
          "checksum": "573487542e6e56cfc665e568c491ec4f"
        },
        {
          "type": "icon",
          "assetId": "wTFToLHSZb9f",
          "checksum": "5dbd7995db41e2093e47b7dfd803ee85"
        },
        {
          "type": "icon",
          "assetId": "znogBDCFGrCm",
          "checksum": "cbd0a594d368fffd8f579075e0b1bd04"
        },
        {
          "type": "icon",
          "assetId": "svW65RiPRJvF",
          "checksum": "2bf32a666808da07157a3f23c176a280"
        },
        {
          "type": "icon",
          "assetId": "zJOWb0R-rU2V",
          "checksum": "fc96581d172e6eb1cc2ae51b441f607b"
        },
        {
          "type": "icon",
          "assetId": "ectVQK-zvF68",
          "checksum": "17cd1db98f81f58746685c5b9a367448"
        },
        {
          "type": "icon",
          "assetId": "ld_FgPcgCaOi",
          "checksum": "c730a96b460751568dc2cb87d0b922f8"
        },
        {
          "type": "icon",
          "assetId": "CMPwvp6S4TFY",
          "checksum": "47d9fb4c32f5e6baf1d84ec7529ea580"
        },
        {
          "type": "image",
          "assetId": "AZ4wgeRyCsPg",
          "checksum": "8432a087efe4473f7604d961339a83c8"
        },
        {
          "type": "image",
          "assetId": "3Yh4UIhfyumK",
          "checksum": "739b87a6fb0290adaa66f6bc2316e6f0"
        },
        {
          "type": "image",
          "assetId": "tb5pmYSQi2-9",
          "checksum": "a1728018b999f124ae5133497aedcbb7"
        },
        {
          "type": "image",
          "assetId": "LGKBfrmeb-J6",
          "checksum": "87426457429051e7a96c4e979cb57147"
        },
        {
          "type": "image",
          "assetId": "NQkP0paPB1Km",
          "checksum": "18dd7dc8c9293792183f03a1153580ad"
        },
        {
          "type": "image",
          "assetId": "NFf3pUQuKqKc",
          "checksum": "19e7b16d47a0142c38f2ea4304b0ec52"
        },
        {
          "type": "image",
          "assetId": "X4x3yKs2DpdE",
          "checksum": "0cf60b3d4f7e3f2c985e94c889180d7e"
        },
        {
          "type": "image",
          "assetId": "nQgZkS83a2Tt",
          "checksum": "8e19fe587c64f79926c3776ed0b4aeb0"
        },
        {
          "type": "renderModule",
          "assetId": "5NSomxv2fJBy",
          "checksum": "d1861ef5365f5eab58e18a1662ca7d0f"
        },
        {
          "type": "cssRules",
          "assetId": "5NSomxv2fJBy",
          "checksum": "d1861ef5365f5eab58e18a1662ca7d0f"
        },
        {
          "type": "image",
          "assetId": "vy_ZwZJEvU5r",
          "checksum": "d30260d9c83f2c91eaa01dbd96b762cb"
        },
        {
          "assetId": "iBf2L8UFcY4A4kwPBejSLy",
          "type": "projectCss",
          "checksum": "052f62a03d5aed7c2fc68968f2188dc4"
        }
      ],
      "codegenVersion": "0.0.1"
    },
    {
      "projectId": "pPpaWYUaY6MxMrUkEXk8Ap",
      "version": "latest",
      "dependencies": {},
      "lang": "ts",
      "fileLocks": [
        {
          "type": "globalVariant",
          "assetId": "dw1Pmwej9CLp",
          "checksum": "054124d8184f4e8a194917be97cd110d"
        },
        {
          "assetId": "pPpaWYUaY6MxMrUkEXk8Ap",
          "type": "projectCss",
          "checksum": "e3faf7a8258039fff13f1ad72dedf4d1"
        },
        {
          "type": "renderModule",
          "assetId": "P_iQqW6Pf9dw",
          "checksum": "937a3cc15af2007c52f434fca7c6ec4c"
        },
        {
          "type": "cssRules",
          "assetId": "P_iQqW6Pf9dw",
          "checksum": "937a3cc15af2007c52f434fca7c6ec4c"
        },
        {
          "type": "icon",
          "assetId": "99-Xy0nWrO9H",
          "checksum": "73dac53a60fb5872e29f2ace0cbbf779"
        },
        {
          "type": "icon",
          "assetId": "3kE47JMzR76R",
          "checksum": "af018f865eb9c82b265e5ebd83f488bb"
        },
        {
          "type": "icon",
          "assetId": "58qbuEtTLBLB",
          "checksum": "d8d98bd5051c5fdcbcdf4cf1687a45b5"
        },
        {
          "type": "icon",
          "assetId": "Mmu9f_x4Je-X",
          "checksum": "836b0bc1506c620cd8d29e37c3508dcd"
        },
        {
          "type": "icon",
          "assetId": "Y2uW5CoSbJ3y",
          "checksum": "7db89084d936de0b509f52a1edf28393"
        },
        {
          "type": "icon",
          "assetId": "uhI5vkigGpSx",
          "checksum": "3877e518845af540c060935ed0ad23ba"
        },
        {
          "type": "icon",
          "assetId": "UzKeCxMsQST3",
          "checksum": "a6a4b6d5582adfb57c3e8279b5928735"
        },
        {
          "type": "icon",
          "assetId": "v2aKGFKG0ZpJ",
          "checksum": "90e8416441097cac994920211719990c"
        },
        {
          "type": "icon",
          "assetId": "xHBRvAR8VBVj",
          "checksum": "7672fde7db64afcd036729d88957c34f"
        },
        {
          "type": "icon",
          "assetId": "lyk9Dm3Unbr5",
          "checksum": "a088839049ed984d779d1e12b1aa2da6"
        },
        {
          "type": "icon",
          "assetId": "8iMN7uWZIea0",
          "checksum": "60ed5ace2530c0582f6a9b3e04266422"
        },
        {
          "type": "icon",
          "assetId": "nFa4IrRZsS-U",
          "checksum": "d8352881f2d4eff04a21685b5266a153"
        },
        {
          "type": "icon",
          "assetId": "04rJyp3lMfgX",
          "checksum": "e7b5263175dc47a055df9faabf3f0f65"
        },
        {
          "type": "icon",
          "assetId": "vb9Ytg9z6OlU",
          "checksum": "f2f200006eaf55c784a6c29446a74a0e"
        },
        {
          "type": "icon",
          "assetId": "Aeqgliw96odu",
          "checksum": "dc2d409e61c2fb3f3707bdfb90f31964"
        },
        {
          "type": "icon",
          "assetId": "OcbbjsGhRH8B",
          "checksum": "f8e115ffcacb6096a07af2514931b14c"
        },
        {
          "type": "icon",
          "assetId": "Q_nidNUSfmlw",
          "checksum": "45ee3277b6babedbcb5813fe492b5bc8"
        },
        {
          "type": "icon",
          "assetId": "cR4yxfiRyBdB",
          "checksum": "86ea6ce8aa129c0dd3619ea65ce154fd"
        },
        {
          "type": "icon",
          "assetId": "8_c5jLV73VT3",
          "checksum": "528e40ac4254b535b2275c41002ad5bb"
        },
        {
          "type": "icon",
          "assetId": "7CjqTMVYkTGQ",
          "checksum": "867a943ab1eafd93b35f2293465488ed"
        },
        {
          "type": "icon",
          "assetId": "IeA8BG1YN9p5",
          "checksum": "4749f6b0855b39ebfbc96b66b9a85198"
        },
        {
          "type": "icon",
          "assetId": "v1H2jD8ZM_T2",
          "checksum": "86b79b3baa9605836c03487ba293fb6f"
        },
        {
          "type": "icon",
          "assetId": "ayrOuQDC8Vr3",
          "checksum": "31173d82475497428eb24e6e606eb222"
        },
        {
          "type": "icon",
          "assetId": "uVyGoHmepq7I",
          "checksum": "d4b69c45f1720c52a53a3f6578a6e903"
        },
        {
          "type": "icon",
          "assetId": "LIbTrKTKsJRU",
          "checksum": "77ef59acdd6b49fc23de85d8109d78a1"
        },
        {
          "type": "icon",
          "assetId": "KWSQDtI0Khid",
          "checksum": "6a508b86a22b72b83eaf926e43afa179"
        },
        {
          "type": "icon",
          "assetId": "bsPSUtC_wVax",
          "checksum": "3b2c8405b5938b940e65b977f3de2178"
        },
        {
          "type": "icon",
          "assetId": "U_AAOrL_-8Vz",
          "checksum": "59fc54fc3b9399b1da3760866c9f5071"
        },
        {
          "type": "icon",
          "assetId": "3gbSgAe8Pqmu",
          "checksum": "60ed12b302467e2ceff5ecb3ffaf237a"
        },
        {
          "type": "icon",
          "assetId": "Hef5H8YcHMM2",
          "checksum": "9a037a63e321b62a50368c2b5818b5b9"
        },
        {
          "type": "icon",
          "assetId": "_o_47JCuQqOt",
          "checksum": "3f54e78535278a793ab77d1277185ed7"
        },
        {
          "type": "icon",
          "assetId": "UKvG-1VY_Ue5",
          "checksum": "639c91ab5782e56ececc3d9e86122df5"
        },
        {
          "type": "icon",
          "assetId": "2AfROuejpcBL",
          "checksum": "ebd8cf2c5a0fc34020e4389b21726fac"
        },
        {
          "type": "icon",
          "assetId": "mXWjxVNO6xYs",
          "checksum": "42915103f3b68cbb820d7778fd1de3e2"
        },
        {
          "type": "icon",
          "assetId": "aGq34uzrONcL",
          "checksum": "391ae2eb0ae20e124a01b3cd8ea34377"
        },
        {
          "type": "icon",
          "assetId": "4k6LXegRd5br",
          "checksum": "d23dc985768fc49821f0bdf15967c414"
        },
        {
          "type": "icon",
          "assetId": "eVtrzEM7eh_f",
          "checksum": "7a75c4b28c1caa87721c44c8bfb468ba"
        },
        {
          "type": "icon",
          "assetId": "rVaHpjH6DSyE",
          "checksum": "4e397d99e15507994a364b167d184142"
        },
        {
          "type": "icon",
          "assetId": "18PvKc-gVRNY",
          "checksum": "da427c812dee5f8bbdcb7a96b2a64518"
        },
        {
          "type": "icon",
          "assetId": "LD0mE50UfoUz",
          "checksum": "7635582d87520d04772943ebad0c829d"
        },
        {
          "type": "icon",
          "assetId": "02TxsrwTmD_w",
          "checksum": "f68f46c22ec813a9ec49b2d9e1ae9fe7"
        },
        {
          "type": "icon",
          "assetId": "6mZrMkCN6F38",
          "checksum": "9a1399eecbccb4d766bddd77b16e0633"
        },
        {
          "type": "icon",
          "assetId": "k4L4au_mdpOv",
          "checksum": "cbe7644b01a009aaca7a5d234943d47c"
        },
        {
          "type": "icon",
          "assetId": "d84M8pAEAA8L",
          "checksum": "eaed7013a8e43f9353612e7bc023741f"
        },
        {
          "type": "icon",
          "assetId": "s1uGznM-NP6t",
          "checksum": "e50d1b485427fc9b66b4312066683995"
        },
        {
          "type": "icon",
          "assetId": "-_Vcmcp2Zytq",
          "checksum": "4f85c8ebcb6ed6603acbd9b6f90ad0f2"
        },
        {
          "type": "icon",
          "assetId": "wWFrWDjbsS3M",
          "checksum": "c8c53c7b6dcd16401cc19b6120e24507"
        },
        {
          "type": "icon",
          "assetId": "dlfMp0CKGvmA",
          "checksum": "8d7b5c753da576b1446cc3c30377a220"
        },
        {
          "type": "icon",
          "assetId": "8bLaS9aMtZZl",
          "checksum": "5442f6b0a4b196c99c5844e0f253a90b"
        },
        {
          "type": "icon",
          "assetId": "XSPYIXhnPPYo",
          "checksum": "2ee47856ac9f29a12ea2e1b1bfb38f23"
        },
        {
          "type": "icon",
          "assetId": "Ir33uJ8xu_J9",
          "checksum": "4c9720c220d48607b598af4b988c158f"
        },
        {
          "type": "image",
          "assetId": "mG_Kjv2LH3-r",
          "checksum": "3ae90d3e5e1338a62cb03fa79166d59c"
        },
        {
          "type": "image",
          "assetId": "w6NayKqjj80j",
          "checksum": "cbe6b665626ec9d8e87e17eacb96df84"
        },
        {
          "type": "image",
          "assetId": "pifRQbgauoF2",
          "checksum": "80b3ef2bf7ddfdc0ad7a3bfc1b910b68"
        },
        {
          "type": "image",
          "assetId": "a7QB11B87eU7",
          "checksum": "cb68e6431811bfcb98920d4596fcc8e3"
        }
      ],
      "codegenVersion": "0.0.1"
    }
  ],
  "cliVersion": "0.1.337"
}
