{
  "projects": [
    {
      "projectId": "iBf2L8UFcY4A4kwPBejSLy",
      "version": "latest",
      "dependencies": {},
      "lang": "ts",
      "fileLocks": [
        {
          "type": "globalVariant",
          "assetId": "YL7WgEetY2QT",
          "checksum": "108cc65544acd6f52c9465c83daa4152"
        },
        {
          "assetId": "iBf2L8UFcY4A4kwPBejSLy",
          "type": "projectCss",
          "checksum": "2f1a477addb33b17782976c7316a90be"
        },
        {
          "type": "renderModule",
          "assetId": "wwGUa7uLPtKp",
          "checksum": "32a60acd1fae3e473e488c99877c325f"
        },
        {
          "type": "cssRules",
          "assetId": "wwGUa7uLPtKp",
          "checksum": "32a60acd1fae3e473e488c99877c325f"
        },
        {
          "type": "renderModule",
          "assetId": "H6kyB5PM528t",
          "checksum": "9abd0f40e42e96cdb8b3d118ba76c451"
        },
        {
          "type": "cssRules",
          "assetId": "H6kyB5PM528t",
          "checksum": "9abd0f40e42e96cdb8b3d118ba76c451"
        },
        {
          "type": "icon",
          "assetId": "Qtsv5U7vbKgB",
          "checksum": "44c11ccb2125a6d784f0d59549a72553"
        },
        {
          "type": "icon",
          "assetId": "qoBvK5PZZYPy",
          "checksum": "08facc0a071a523b91d739c131e8f421"
        },
        {
          "type": "icon",
          "assetId": "6dM7wvuOmR3O",
          "checksum": "f61e96084438436ea462052f7f8ad6c9"
        },
        {
          "type": "icon",
          "assetId": "usQJmt51qgJ9",
          "checksum": "982a7d53ad7a8edd4c27bce1ef33831a"
        },
        {
          "type": "icon",
          "assetId": "lJS0N-Pipkea",
          "checksum": "7c5f947cc3ace92585135e9ec78f56db"
        },
        {
          "type": "icon",
          "assetId": "trc_iGxnQqT6",
          "checksum": "da5fdbb18b105f6a2ed7513e61011897"
        },
        {
          "type": "icon",
          "assetId": "ISaVYJRFnJua",
          "checksum": "0cdfaf340a3a6f0e1244b3091d4058cb"
        },
        {
          "type": "icon",
          "assetId": "e6yADDhsRkR1",
          "checksum": "31b58f8d38aa0f4135b5fc25101d148d"
        },
        {
          "type": "icon",
          "assetId": "Zp_gDsbZQEd_",
          "checksum": "60e603b67bf26c6bb7d12b64a783bb20"
        },
        {
          "type": "icon",
          "assetId": "8E8NCfc9eE7j",
          "checksum": "4e9bb87a0b681cd3a32d33d4e7cfedfc"
        },
        {
          "type": "icon",
          "assetId": "iKWSGh6zEIpp",
          "checksum": "1d2f907cf4ebcae686adb86bbbcf10cf"
        },
        {
          "type": "icon",
          "assetId": "WApLs5bNet-e",
          "checksum": "b73296536339218eb493322b96f7b8bb"
        },
        {
          "type": "icon",
          "assetId": "aZ5LZISUoHqe",
          "checksum": "c398d3e16031dfe164a8be5194675466"
        },
        {
          "type": "icon",
          "assetId": "7uow9fxVx6qz",
          "checksum": "19d71355f66762bfc363858453f0b20f"
        },
        {
          "type": "icon",
          "assetId": "SpLGwX0xc9TT",
          "checksum": "ffa08d2e60f0bee0a47c3334b6798684"
        },
        {
          "type": "icon",
          "assetId": "cZU2euB0EKBb",
          "checksum": "84672014b6d8ba9f1b5ea1273615e7c7"
        },
        {
          "type": "icon",
          "assetId": "XHxH6QOjRlsk",
          "checksum": "cff97a20aa7324daf1b62d4866c1c104"
        },
        {
          "type": "icon",
          "assetId": "HoOgEX6t-LYf",
          "checksum": "34472c0c46081582758124b2b0e974a6"
        },
        {
          "type": "icon",
          "assetId": "dibcQuFy-eqP",
          "checksum": "b036e242803282c2d5a95fbfdb71401b"
        },
        {
          "type": "icon",
          "assetId": "QEgYkV0QggP3",
          "checksum": "fd425270b5b80adf400431bd0c09f063"
        },
        {
          "type": "icon",
          "assetId": "3-TjHlcNZu0l",
          "checksum": "7a69d24e0ca6f4f4479403805eeb41cb"
        },
        {
          "type": "icon",
          "assetId": "1PKqEBDdz_mU",
          "checksum": "f45264f0e57ff9807f80e41fd9e9e117"
        },
        {
          "type": "icon",
          "assetId": "Rp0eizYi8jxL",
          "checksum": "5384f78055de626710780c840f03124c"
        },
        {
          "type": "icon",
          "assetId": "h28gMR9NnTNn",
          "checksum": "187a06895ea17403ad89d32768f4f668"
        },
        {
          "type": "icon",
          "assetId": "zKFQoEyvJHEf",
          "checksum": "e8f9f0ace3568dd5d83df967548e798e"
        },
        {
          "type": "icon",
          "assetId": "d3qJMwjPwFm7",
          "checksum": "eebdf361d4314c01443f67cd4f9bfed2"
        },
        {
          "type": "icon",
          "assetId": "y0s-vHB4j9JG",
          "checksum": "45946e0cb8e1c3aa702d30106ec683d7"
        },
        {
          "type": "icon",
          "assetId": "xbkewKqvOuVb",
          "checksum": "026c2b44d41b6a264046aa241680d4f7"
        },
        {
          "type": "icon",
          "assetId": "3uuLtZsqkxNl",
          "checksum": "8f70d300b7bfbcbf1a5515a01b28cce3"
        },
        {
          "type": "icon",
          "assetId": "37AWhCy1a_bF",
          "checksum": "48c97a51dcd5e7645904702c4a2a073c"
        },
        {
          "type": "icon",
          "assetId": "zDy12iYvNMPL",
          "checksum": "f07abad9fde31286dc83e30c60c30f74"
        },
        {
          "type": "icon",
          "assetId": "9At0xBkGfLcG",
          "checksum": "4f96e0ad8d5c220877b0d508cdc085b8"
        },
        {
          "type": "icon",
          "assetId": "oRAWA1Sjc5A7",
          "checksum": "362976111fe0021e73672107abc7b564"
        },
        {
          "type": "icon",
          "assetId": "0btBCtebbxsT",
          "checksum": "a3a928fb2668c15ffc0edbbdc9330043"
        },
        {
          "type": "icon",
          "assetId": "FcE6coHSOPfG",
          "checksum": "1bbcd5b802541aca1667891d86865bfb"
        },
        {
          "type": "icon",
          "assetId": "Pcbj-hln4X1W",
          "checksum": "9a7f4b6b639cb3bb27582d0705e7d7d8"
        },
        {
          "type": "icon",
          "assetId": "3CIi1g509ap-",
          "checksum": "5d58ee992dca7fb9e627e0b490948f26"
        },
        {
          "type": "icon",
          "assetId": "ye5vvzA138RU",
          "checksum": "0af431f0a4d06350b8284729b8f5f62a"
        },
        {
          "type": "icon",
          "assetId": "9z3SqAiMS4g2",
          "checksum": "18d622f43ad7f37cab12e776a8230c73"
        },
        {
          "type": "icon",
          "assetId": "Aabqe-_bFRu8",
          "checksum": "d5746ff1e3e66462a0d98bef2741e676"
        },
        {
          "type": "icon",
          "assetId": "2SAJLGICfYvt",
          "checksum": "489e09d839b79956b4f80b66bb370376"
        },
        {
          "type": "icon",
          "assetId": "LXIZKqCNgRSO",
          "checksum": "c4f61c2ddea7d38796918d6194310565"
        },
        {
          "type": "icon",
          "assetId": "u3fSd-KkU8W-",
          "checksum": "1fe23acbbe82e7015d69aa587a7ac57b"
        },
        {
          "type": "icon",
          "assetId": "sRpsvB0kRMn-",
          "checksum": "54111ff2f8cd32ae2ad91614c72bc79a"
        },
        {
          "type": "icon",
          "assetId": "3hl-v6J-cYXC",
          "checksum": "70c2c2510e26690a89222027de59664b"
        },
        {
          "type": "icon",
          "assetId": "Hqo-qfqCRQD1",
          "checksum": "b1e12e9b94d1b4279a5e9350cace0ca3"
        },
        {
          "type": "icon",
          "assetId": "5XHd54ccFegV",
          "checksum": "941fd83759504e6b293ee4327a00d666"
        },
        {
          "type": "icon",
          "assetId": "Z7xZMmeLX222",
          "checksum": "cdc9adfc583f28cdccba0fd4ad8ef710"
        },
        {
          "type": "icon",
          "assetId": "3HyKnBcwojUW",
          "checksum": "86db0e7bbb26199741886812f392bfa9"
        },
        {
          "type": "icon",
          "assetId": "FAsNTaIQPF8S",
          "checksum": "573487542e6e56cfc665e568c491ec4f"
        },
        {
          "type": "icon",
          "assetId": "wTFToLHSZb9f",
          "checksum": "5dbd7995db41e2093e47b7dfd803ee85"
        },
        {
          "type": "icon",
          "assetId": "znogBDCFGrCm",
          "checksum": "cbd0a594d368fffd8f579075e0b1bd04"
        },
        {
          "type": "icon",
          "assetId": "svW65RiPRJvF",
          "checksum": "2bf32a666808da07157a3f23c176a280"
        },
        {
          "type": "icon",
          "assetId": "zJOWb0R-rU2V",
          "checksum": "fc96581d172e6eb1cc2ae51b441f607b"
        },
        {
          "type": "icon",
          "assetId": "ectVQK-zvF68",
          "checksum": "17cd1db98f81f58746685c5b9a367448"
        },
        {
          "type": "icon",
          "assetId": "ld_FgPcgCaOi",
          "checksum": "c730a96b460751568dc2cb87d0b922f8"
        },
        {
          "type": "icon",
          "assetId": "CMPwvp6S4TFY",
          "checksum": "47d9fb4c32f5e6baf1d84ec7529ea580"
        },
        {
          "type": "image",
          "assetId": "AZ4wgeRyCsPg",
          "checksum": "8432a087efe4473f7604d961339a83c8"
        },
        {
          "type": "image",
          "assetId": "3Yh4UIhfyumK",
          "checksum": "739b87a6fb0290adaa66f6bc2316e6f0"
        },
        {
          "type": "image",
          "assetId": "tb5pmYSQi2-9",
          "checksum": "a1728018b999f124ae5133497aedcbb7"
        },
        {
          "type": "image",
          "assetId": "LGKBfrmeb-J6",
          "checksum": "87426457429051e7a96c4e979cb57147"
        },
        {
          "type": "image",
          "assetId": "NQkP0paPB1Km",
          "checksum": "18dd7dc8c9293792183f03a1153580ad"
        },
        {
          "type": "image",
          "assetId": "NFf3pUQuKqKc",
          "checksum": "19e7b16d47a0142c38f2ea4304b0ec52"
        },
        {
          "type": "image",
          "assetId": "X4x3yKs2DpdE",
          "checksum": "0cf60b3d4f7e3f2c985e94c889180d7e"
        },
        {
          "type": "image",
          "assetId": "nQgZkS83a2Tt",
          "checksum": "8e19fe587c64f79926c3776ed0b4aeb0"
        }
      ],
      "codegenVersion": "0.0.1"
    }
  ],
  "cliVersion": "0.1.337"
}
